
Microsoft Visual Studio Solution File, Format Version 12.00
# Visual Studio Version 17
Project("{8BC9CEB8-8B4A-11D0-8D11-00A0C91BC942}") = "ALL_BUILD", "ALL_BUILD.vcxproj", "{76682F07-EE09-3F7A-8E1F-F38B9DACD7B4}"
	ProjectSection(ProjectDependencies) = postProject
		{23EC3EB1-9E70-37E3-A74D-D17FBBE35DDC} = {23EC3EB1-9E70-37E3-A74D-D17FBBE35DDC}
		{772114BE-BDAA-341C-89D9-D2E4577FF3A9} = {772114BE-BDAA-341C-89D9-D2E4577FF3A9}
	EndProjectSection
EndProject
Project("{8BC9CEB8-8B4A-11D0-8D11-00A0C91BC942}") = "INSTALL", "INSTALL.vcxproj", "{8A4870C2-881A-3CA6-AF21-2760F23F4A17}"
	ProjectSection(ProjectDependencies) = postProject
		{76682F07-EE09-3F7A-8E1F-F38B9DACD7B4} = {76682F07-EE09-3F7A-8E1F-F38B9DACD7B4}
		{23EC3EB1-9E70-37E3-A74D-D17FBBE35DDC} = {23EC3EB1-9E70-37E3-A74D-D17FBBE35DDC}
	EndProjectSection
EndProject
Project("{8BC9CEB8-8B4A-11D0-8D11-00A0C91BC942}") = "ZERO_CHECK", "ZERO_CHECK.vcxproj", "{23EC3EB1-9E70-37E3-A74D-D17FBBE35DDC}"
	ProjectSection(ProjectDependencies) = postProject
	EndProjectSection
EndProject
Project("{8BC9CEB8-8B4A-11D0-8D11-00A0C91BC942}") = "oop", "oop.vcxproj", "{772114BE-BDAA-341C-89D9-D2E4577FF3A9}"
	ProjectSection(ProjectDependencies) = postProject
		{23EC3EB1-9E70-37E3-A74D-D17FBBE35DDC} = {23EC3EB1-9E70-37E3-A74D-D17FBBE35DDC}
	EndProjectSection
EndProject
Global
	GlobalSection(SolutionConfigurationPlatforms) = preSolution
		Debug|x64 = Debug|x64
		Release|x64 = Release|x64
		MinSizeRel|x64 = MinSizeRel|x64
		RelWithDebInfo|x64 = RelWithDebInfo|x64
	EndGlobalSection
	GlobalSection(ProjectConfigurationPlatforms) = postSolution
		{76682F07-EE09-3F7A-8E1F-F38B9DACD7B4}.Debug|x64.ActiveCfg = Debug|x64
		{76682F07-EE09-3F7A-8E1F-F38B9DACD7B4}.Debug|x64.Build.0 = Debug|x64
		{76682F07-EE09-3F7A-8E1F-F38B9DACD7B4}.Release|x64.ActiveCfg = Release|x64
		{76682F07-EE09-3F7A-8E1F-F38B9DACD7B4}.Release|x64.Build.0 = Release|x64
		{76682F07-EE09-3F7A-8E1F-F38B9DACD7B4}.MinSizeRel|x64.ActiveCfg = MinSizeRel|x64
		{76682F07-EE09-3F7A-8E1F-F38B9DACD7B4}.MinSizeRel|x64.Build.0 = MinSizeRel|x64
		{76682F07-EE09-3F7A-8E1F-F38B9DACD7B4}.RelWithDebInfo|x64.ActiveCfg = RelWithDebInfo|x64
		{76682F07-EE09-3F7A-8E1F-F38B9DACD7B4}.RelWithDebInfo|x64.Build.0 = RelWithDebInfo|x64
		{8A4870C2-881A-3CA6-AF21-2760F23F4A17}.Debug|x64.ActiveCfg = Debug|x64
		{8A4870C2-881A-3CA6-AF21-2760F23F4A17}.Release|x64.ActiveCfg = Release|x64
		{8A4870C2-881A-3CA6-AF21-2760F23F4A17}.MinSizeRel|x64.ActiveCfg = MinSizeRel|x64
		{8A4870C2-881A-3CA6-AF21-2760F23F4A17}.RelWithDebInfo|x64.ActiveCfg = RelWithDebInfo|x64
		{23EC3EB1-9E70-37E3-A74D-D17FBBE35DDC}.Debug|x64.ActiveCfg = Debug|x64
		{23EC3EB1-9E70-37E3-A74D-D17FBBE35DDC}.Debug|x64.Build.0 = Debug|x64
		{23EC3EB1-9E70-37E3-A74D-D17FBBE35DDC}.Release|x64.ActiveCfg = Release|x64
		{23EC3EB1-9E70-37E3-A74D-D17FBBE35DDC}.Release|x64.Build.0 = Release|x64
		{23EC3EB1-9E70-37E3-A74D-D17FBBE35DDC}.MinSizeRel|x64.ActiveCfg = MinSizeRel|x64
		{23EC3EB1-9E70-37E3-A74D-D17FBBE35DDC}.MinSizeRel|x64.Build.0 = MinSizeRel|x64
		{23EC3EB1-9E70-37E3-A74D-D17FBBE35DDC}.RelWithDebInfo|x64.ActiveCfg = RelWithDebInfo|x64
		{23EC3EB1-9E70-37E3-A74D-D17FBBE35DDC}.RelWithDebInfo|x64.Build.0 = RelWithDebInfo|x64
		{772114BE-BDAA-341C-89D9-D2E4577FF3A9}.Debug|x64.ActiveCfg = Debug|x64
		{772114BE-BDAA-341C-89D9-D2E4577FF3A9}.Debug|x64.Build.0 = Debug|x64
		{772114BE-BDAA-341C-89D9-D2E4577FF3A9}.Release|x64.ActiveCfg = Release|x64
		{772114BE-BDAA-341C-89D9-D2E4577FF3A9}.Release|x64.Build.0 = Release|x64
		{772114BE-BDAA-341C-89D9-D2E4577FF3A9}.MinSizeRel|x64.ActiveCfg = MinSizeRel|x64
		{772114BE-BDAA-341C-89D9-D2E4577FF3A9}.MinSizeRel|x64.Build.0 = MinSizeRel|x64
		{772114BE-BDAA-341C-89D9-D2E4577FF3A9}.RelWithDebInfo|x64.ActiveCfg = RelWithDebInfo|x64
		{772114BE-BDAA-341C-89D9-D2E4577FF3A9}.RelWithDebInfo|x64.Build.0 = RelWithDebInfo|x64
	EndGlobalSection
	GlobalSection(ExtensibilityGlobals) = postSolution
		SolutionGuid = {43B681B8-456F-3BF6-B90C-8D034736C945}
	EndGlobalSection
	GlobalSection(ExtensibilityAddIns) = postSolution
	EndGlobalSection
EndGlobal
